# This file is automatically @generated by Poetry 1.5.1 and should not be changed by hand.

[[package]]
name = "async-timeout"
version = "4.0.3"
description = "Timeout context manager for asyncio programs"
optional = false
python-versions = ">=3.7"
files = [
    {file = "async-timeout-4.0.3.tar.gz", hash = "sha256:4640d96be84d82d02ed59ea2b7105a0f7b33abe8703703cd0ab0bf87c427522f"},
    {file = "async_timeout-4.0.3-py3-none-any.whl", hash = "sha256:7405140ff1230c310e51dc27b3145b9092d659ce68ff733fb0cefe3ee42be028"},
]

[[package]]
name = "pybase64"
version = "1.3.0"
description = "Fast Base64 encoding/decoding"
optional = false
python-versions = ">=3.6"
files = [
    {file = "pybase64-1.3.0-cp310-cp310-macosx_10_9_x86_64.whl", hash = "sha256:d1c3c50f916b08ddfdcb55f71dd7815d16e12348a05bb2baa4bdb4207a855b60"},
    {file = "pybase64-1.3.0-cp310-cp310-macosx_11_0_arm64.whl", hash = "sha256:f4ce18e91485309618509e61fe4451bca2abbf99018916067231fa554a104050"},
    {file = "pybase64-1.3.0-cp310-cp310-manylinux_2_17_aarch64.manylinux2014_aarch64.whl", hash = "sha256:1e7c9cfef84405c5a7982a3915e73c1eed00adbdc0d651600775e758d8acdd74"},
    {file = "pybase64-1.3.0-cp310-cp310-manylinux_2_17_ppc64le.manylinux2014_ppc64le.whl", hash = "sha256:a6e0269762ecc8875eafa8c4f415e65fe8509662561f85cbf0c14c17485e3c51"},
    {file = "pybase64-1.3.0-cp310-cp310-manylinux_2_17_s390x.manylinux2014_s390x.whl", hash = "sha256:a662dad865d884fcf3dd76e9c9a6e041cc888d4883e2d350b5df382bd880aede"},
    {file = "pybase64-1.3.0-cp310-cp310-manylinux_2_5_i686.manylinux1_i686.manylinux_2_17_i686.manylinux2014_i686.whl", hash = "sha256:4fdfb96fc34eb22556130db66fc1a9033a9c181ce02baefa5f896da83897f748"},
    {file = "pybase64-1.3.0-cp310-cp310-manylinux_2_5_x86_64.manylinux1_x86_64.manylinux_2_17_x86_64.manylinux2014_x86_64.whl", hash = "sha256:fdda3b80252ae80dacebd27812d8d1f385b6c2b36395d8bcbeb4e34858392b61"},
    {file = "pybase64-1.3.0-cp310-cp310-musllinux_1_1_aarch64.whl", hash = "sha256:b47d755db5a4b5c0b7dd92efc4a6868b3dea199b559839a0f52f3d1f93df2555"},
    {file = "pybase64-1.3.0-cp310-cp310-musllinux_1_1_i686.whl", hash = "sha256:b780a0900f8f07f1c643f8c8e1be498cec64375ff62b0a27f5f21081a3786bd3"},
    {file = "pybase64-1.3.0-cp310-cp310-musllinux_1_1_ppc64le.whl", hash = "sha256:a27a41ee58e2dc0520de83749a08b7cd1db8c95db9cedb42915e114bad61b0a8"},
    {file = "pybase64-1.3.0-cp310-cp310-musllinux_1_1_s390x.whl", hash = "sha256:4e6ec9e77dd54f3356110078275d812ccaae5af1653d9d122d096b7feb61e286"},
    {file = "pybase64-1.3.0-cp310-cp310-musllinux_1_1_x86_64.whl", hash = "sha256:761b0bffa29f7e22acf349d975cf478c7fb53dce816409b83d310fcfdca9b87b"},
    {file = "pybase64-1.3.0-cp310-cp310-win32.whl", hash = "sha256:6d7f4c1f5d79293c06d7d12e7f90686d687aca64daf63becb85717656ccac77c"},
    {file = "pybase64-1.3.0-cp310-cp310-win_amd64.whl", hash = "sha256:1b120de9c80aebe2f8e3c02b092b6ae97e003fec5449a4ed960732224e831430"},
    {file = "pybase64-1.3.0-cp310-cp310-win_arm64.whl", hash = "sha256:6f575171eea9e8d5d475c914e3ef9f0140c9fbad630a18dc796d814612ffdd72"},
    {file = "pybase64-1.3.0-cp311-cp311-macosx_10_9_x86_64.whl", hash = "sha256:f2880a727e04e10acc4f39edcae6687a712fcee7e86996e8d1315e5859961880"},
    {file = "pybase64-1.3.0-cp311-cp311-macosx_11_0_arm64.whl", hash = "sha256:9112d8f87d08ac945a4de8dd5fc77709527c1f8fa6ef8154c10b25e757529baa"},
    {file = "pybase64-1.3.0-cp311-cp311-manylinux_2_17_aarch64.manylinux2014_aarch64.whl", hash = "sha256:b986782a21d13d07831ecdce149674aa0df7e1cc3c7deeeebcefe72449e7c692"},
    {file = "pybase64-1.3.0-cp311-cp311-manylinux_2_17_ppc64le.manylinux2014_ppc64le.whl", hash = "sha256:ad71d3939291cb5cb88f60021835b16118abe18f377c75520ae39ea8a3b7788e"},
    {file = "pybase64-1.3.0-cp311-cp311-manylinux_2_17_s390x.manylinux2014_s390x.whl", hash = "sha256:d701c481134a0012689b95af95b2b334c3b4536e4e54ad44560143bc485ce4dc"},
    {file = "pybase64-1.3.0-cp311-cp311-manylinux_2_5_i686.manylinux1_i686.manylinux_2_17_i686.manylinux2014_i686.whl", hash = "sha256:a09cb05b23038d2a6d6385b885a6548ceb93c8ca7e8dfa9739b65bfcdaaafbb5"},
    {file = "pybase64-1.3.0-cp311-cp311-manylinux_2_5_x86_64.manylinux1_x86_64.manylinux_2_17_x86_64.manylinux2014_x86_64.whl", hash = "sha256:9c0487ab3fbf2999365008394f3fa580fd9eccd134ea0d27aad475144e3e29b4"},
    {file = "pybase64-1.3.0-cp311-cp311-musllinux_1_1_aarch64.whl", hash = "sha256:3e1e9aef13de94d4f47323f0c70ca57b8c422415a7110a6ac1496f4b633465a6"},
    {file = "pybase64-1.3.0-cp311-cp311-musllinux_1_1_i686.whl", hash = "sha256:023f5dcf694b38f6f226a13f052e9a3d5cdd7cd540a0c2907e4a5fc60fb82fda"},
    {file = "pybase64-1.3.0-cp311-cp311-musllinux_1_1_ppc64le.whl", hash = "sha256:084a0e42bc6122479cc5a57b7d05b6eff60fbfd76497917498a372c59a9cb0c2"},
    {file = "pybase64-1.3.0-cp311-cp311-musllinux_1_1_s390x.whl", hash = "sha256:73fcc61605e95e19fd45cc3a7d976e8f3eed5bdc762ee87c720b03038a44acdb"},
    {file = "pybase64-1.3.0-cp311-cp311-musllinux_1_1_x86_64.whl", hash = "sha256:7f107465a99b050f8a53277657d26ef8b3592ce87b8d3606774bc4e21cf474fb"},
    {file = "pybase64-1.3.0-cp311-cp311-win32.whl", hash = "sha256:84a3c54dfa2f28b2b95ab9e36c4203c6ed031898d9f68ade4666228c0fb6f790"},
    {file = "pybase64-1.3.0-cp311-cp311-win_amd64.whl", hash = "sha256:a1daa40308c7bccc68b11135b97a21d314eddca14bd0ba867a241c88756f5b17"},
    {file = "pybase64-1.3.0-cp311-cp311-win_arm64.whl", hash = "sha256:32bfed3960b24c9f8381a7daad20201fc1c0c1fd6678f2ee8b70721a9ba94ec1"},
    {file = "pybase64-1.3.0-cp312-cp312-macosx_10_9_x86_64.whl", hash = "sha256:cd15189032a5369ed7713528c7196a06c9d97b425690751f4b2497859d9cc491"},
    {file = "pybase64-1.3.0-cp312-cp312-macosx_11_0_arm64.whl", hash = "sha256:04140eeb99a610fe72c521a0ca9c7cd156f9eb9abb24e81e3f038cf7765d87f3"},
    {file = "pybase64-1.3.0-cp312-cp312-manylinux_2_17_aarch64.manylinux2014_aarch64.whl", hash = "sha256:600830e54322d7a5b6bca19a5fd1475956b1fe63c4880fd8c654002354271bb0"},
    {file = "pybase64-1.3.0-cp312-cp312-manylinux_2_17_ppc64le.manylinux2014_ppc64le.whl", hash = "sha256:a711faf667188e4307e40a77288b2acffe8b2098cdfa88f6330a97843a454837"},
    {file = "pybase64-1.3.0-cp312-cp312-manylinux_2_17_s390x.manylinux2014_s390x.whl", hash = "sha256:f24766d87ea152eea03c5ba1b5463974e2f07e7bab5ab4a28fea91c72c5363db"},
    {file = "pybase64-1.3.0-cp312-cp312-manylinux_2_5_i686.manylinux1_i686.manylinux_2_17_i686.manylinux2014_i686.whl", hash = "sha256:5922e9bff4c6b9599db3a3f7f7aa33e2a6514ae1955bcdd96f6e617edcb556e2"},
    {file = "pybase64-1.3.0-cp312-cp312-manylinux_2_5_x86_64.manylinux1_x86_64.manylinux_2_17_x86_64.manylinux2014_x86_64.whl", hash = "sha256:43d7911250c48c9cd7c10742a4c6945645481b49e6853fed2e9589298ca6be2c"},
    {file = "pybase64-1.3.0-cp312-cp312-musllinux_1_1_aarch64.whl", hash = "sha256:a89ebdf8db3a92a464c8fecdf4e507296f84b559da7db19f2828184b89258a52"},
    {file = "pybase64-1.3.0-cp312-cp312-musllinux_1_1_i686.whl", hash = "sha256:6e8ed8abeb5a5d19bef402a7ac99c05ccef4108f94d1fbc1a8c8b4aba8e25940"},
    {file = "pybase64-1.3.0-cp312-cp312-musllinux_1_1_ppc64le.whl", hash = "sha256:9dcb13da2b169c3dd6d61d3e6aeb04726756f3992d8c0b0c37c98e091571d5fe"},
    {file = "pybase64-1.3.0-cp312-cp312-musllinux_1_1_s390x.whl", hash = "sha256:94ea75c8b4375e03db22535afe7cb4ed01541cf4e9f67972e324b663c866e8ee"},
    {file = "pybase64-1.3.0-cp312-cp312-musllinux_1_1_x86_64.whl", hash = "sha256:e5138ce4c87758217b06d3b0220d26a0c67dbf9c9bc49709a013fe3574f387b3"},
    {file = "pybase64-1.3.0-cp312-cp312-win32.whl", hash = "sha256:4df71c9e6493faf940f6dfd9accbd145d58913fae7187099a7466f6795fdc5a3"},
    {file = "pybase64-1.3.0-cp312-cp312-win_amd64.whl", hash = "sha256:f2e06859495a0b94044caf93dd6291612f80804f0a2337e69a491e2e7db0cd0b"},
    {file = "pybase64-1.3.0-cp312-cp312-win_arm64.whl", hash = "sha256:ecb0e69617ba11382f97c8108ab45d4beb6fe169a886b2390d6dfedadb6bfdfd"},
    {file = "pybase64-1.3.0-cp36-cp36m-macosx_10_9_x86_64.whl", hash = "sha256:3105312354816f53235aaacd7ab17424bb8cd7ab6bc64661b0e32cfca8ae3b56"},
    {file = "pybase64-1.3.0-cp36-cp36m-manylinux_2_17_aarch64.manylinux2014_aarch64.whl", hash = "sha256:64779d223cd5217f0ab34ffc53b0d251783fd9d3888b4d5a2267987a0c8e81d2"},
    {file = "pybase64-1.3.0-cp36-cp36m-manylinux_2_17_ppc64le.manylinux2014_ppc64le.whl", hash = "sha256:8c89d6a11f2c25d1628343c6f9834459a3bb421a622d5e873f6ccb04439d2f9e"},
    {file = "pybase64-1.3.0-cp36-cp36m-manylinux_2_17_s390x.manylinux2014_s390x.whl", hash = "sha256:c7e9330665d3cd7bbe1cebab5872c78a991f127e4f76160b5c77a0b2c850212b"},
    {file = "pybase64-1.3.0-cp36-cp36m-manylinux_2_5_i686.manylinux1_i686.manylinux_2_17_i686.manylinux2014_i686.whl", hash = "sha256:d14446f6a3a6aafe3b9f919087d8222f207b7feee8f4dea39b587b3ccd7b0ec3"},
    {file = "pybase64-1.3.0-cp36-cp36m-manylinux_2_5_x86_64.manylinux1_x86_64.manylinux_2_17_x86_64.manylinux2014_x86_64.whl", hash = "sha256:c9ace49d18090433e27f2a3223372d60dc54d4c2b5b6dc1aaaee5e6be1c4b118"},
    {file = "pybase64-1.3.0-cp36-cp36m-musllinux_1_1_aarch64.whl", hash = "sha256:d0d55d352baedec77b4a10559ee6d513c914eb9e1a84ae499809616b2e494cdb"},
    {file = "pybase64-1.3.0-cp36-cp36m-musllinux_1_1_i686.whl", hash = "sha256:6dd1fef54470c70aebb7918ac4c9c6aad19e8c4722f044a69d08d349d5582001"},
    {file = "pybase64-1.3.0-cp36-cp36m-musllinux_1_1_ppc64le.whl", hash = "sha256:b4ff0a687aebc950800b0081ff2f4c8a791b652fbb3204df6a8486cb731d8681"},
    {file = "pybase64-1.3.0-cp36-cp36m-musllinux_1_1_s390x.whl", hash = "sha256:054cd527e44b447f57dcbd045968b5757df96477ddf247b1043f7bd784436f50"},
    {file = "pybase64-1.3.0-cp36-cp36m-musllinux_1_1_x86_64.whl", hash = "sha256:760e4c25694d2126a31820b3fb5a8dee1f6d116ba8307a1cd73b04beeabc1300"},
    {file = "pybase64-1.3.0-cp36-cp36m-win32.whl", hash = "sha256:9450f2445be62545201a36bae53c715d2ef8cdef40c03018e41562dcfcf8672f"},
    {file = "pybase64-1.3.0-cp36-cp36m-win_amd64.whl", hash = "sha256:2da52b4effc95b84a43a85bc69f6edbbb8576c2f0920e6447139cb39c8a86a1a"},
    {file = "pybase64-1.3.0-cp37-cp37m-macosx_10_9_x86_64.whl", hash = "sha256:5384bb0aba843e513738ec3c08f802e3fec540e804f04065784cf29ecb358532"},
    {file = "pybase64-1.3.0-cp37-cp37m-manylinux_2_17_aarch64.manylinux2014_aarch64.whl", hash = "sha256:77fda6b9992c45c29479e8d46b4a26bc50a5008037e63ce2de6d2835aa6ae643"},
    {file = "pybase64-1.3.0-cp37-cp37m-manylinux_2_17_ppc64le.manylinux2014_ppc64le.whl", hash = "sha256:40e3286be3079da0511f012e2a3f0fd1d0dcbd8ac8596afadfd24b837da85ae2"},
    {file = "pybase64-1.3.0-cp37-cp37m-manylinux_2_17_s390x.manylinux2014_s390x.whl", hash = "sha256:167be16cf5e2a167de96969b356157392b775135860344efaa171d0a8ad2f240"},
    {file = "pybase64-1.3.0-cp37-cp37m-manylinux_2_5_i686.manylinux1_i686.manylinux_2_17_i686.manylinux2014_i686.whl", hash = "sha256:edb3a1be432e4e7a8bec9ac42a3704bffe876e277fdee375fc63f694a9282642"},
    {file = "pybase64-1.3.0-cp37-cp37m-manylinux_2_5_x86_64.manylinux1_x86_64.manylinux_2_17_x86_64.manylinux2014_x86_64.whl", hash = "sha256:5cab93be620b01aedd048358cd6d15acfb3e58b27e4e57042590f612a4333f66"},
    {file = "pybase64-1.3.0-cp37-cp37m-musllinux_1_1_aarch64.whl", hash = "sha256:7bd7f355041e9c6bfa96661db5d23157bbbbafa4c413c360e962aa56d0fd261d"},
    {file = "pybase64-1.3.0-cp37-cp37m-musllinux_1_1_i686.whl", hash = "sha256:081516b88d34b192da357e9edf9b73686777990616e051486797142250abb17f"},
    {file = "pybase64-1.3.0-cp37-cp37m-musllinux_1_1_ppc64le.whl", hash = "sha256:02986c344eb4f4e16adf496d3c2e3c6f218127a5304cc8486e8c40bf149ab995"},
    {file = "pybase64-1.3.0-cp37-cp37m-musllinux_1_1_s390x.whl", hash = "sha256:7d5628d5bf7234fadb223f5a362f35a5a45b08a1ef85c2bcb9153b381ca220be"},
    {file = "pybase64-1.3.0-cp37-cp37m-musllinux_1_1_x86_64.whl", hash = "sha256:22ab3496f5628e2296c5dbb0698d9a370fcf3101e3e43da9993f1679a4d08e7c"},
    {file = "pybase64-1.3.0-cp37-cp37m-win32.whl", hash = "sha256:80e3049dd3330af16b1b1730ce49c32860e2524aaa57e106f576ae58dfbd11a6"},
    {file = "pybase64-1.3.0-cp37-cp37m-win_amd64.whl", hash = "sha256:52a780adb709f9a4eb4e8739b71133fbec790136d5b8105ba92084bd7efc8b75"},
    {file = "pybase64-1.3.0-cp38-cp38-macosx_10_9_x86_64.whl", hash = "sha256:5c7972ec871f9a59dc2b2b761a77822d369879d9059d5040d9bdefed80219ac1"},
    {file = "pybase64-1.3.0-cp38-cp38-macosx_11_0_arm64.whl", hash = "sha256:9e10721ca00ecc5e998d0f5b6e1d22b5dda7d720df175a5b1b415ee0a8862e27"},
    {file = "pybase64-1.3.0-cp38-cp38-manylinux_2_17_aarch64.manylinux2014_aarch64.whl", hash = "sha256:a24fc0ac869f3dac5eaef8d5cd20c27778bf6c8eefa585cc771b1b1e45329c90"},
    {file = "pybase64-1.3.0-cp38-cp38-manylinux_2_17_ppc64le.manylinux2014_ppc64le.whl", hash = "sha256:a3b8e13f35b469c80c42c6fbafd8f15debd49d706fcf10a156c4aef724567b57"},
    {file = "pybase64-1.3.0-cp38-cp38-manylinux_2_17_s390x.manylinux2014_s390x.whl", hash = "sha256:1aa05749b6404832c0645da6fbcec1cffb9f83ea96f25e8e87c0298b306de91a"},
    {file = "pybase64-1.3.0-cp38-cp38-manylinux_2_5_i686.manylinux1_i686.manylinux_2_17_i686.manylinux2014_i686.whl", hash = "sha256:f6091282affb99c9771a1c2be98a390df13dd9010dd2f2fc3cc11249c316b776"},
    {file = "pybase64-1.3.0-cp38-cp38-manylinux_2_5_x86_64.manylinux1_x86_64.manylinux_2_17_x86_64.manylinux2014_x86_64.whl", hash = "sha256:1ef2120533607e75a6d4ab40a83b5d485760e305d9839e9f468adead6009680b"},
    {file = "pybase64-1.3.0-cp38-cp38-musllinux_1_1_aarch64.whl", hash = "sha256:0029e5e4dbbeb9bbbe81df35982448158aa270f337ba15a9be6e1999322c1f42"},
    {file = "pybase64-1.3.0-cp38-cp38-musllinux_1_1_i686.whl", hash = "sha256:c96eadf90ce34a0d775f6c1e12438a5a39e672c65c6f5a2e72c78abe218dd834"},
    {file = "pybase64-1.3.0-cp38-cp38-musllinux_1_1_ppc64le.whl", hash = "sha256:34697476d10a68b9ec27ad76b2beaea429e587f3da49765946732a21fbb364e6"},
    {file = "pybase64-1.3.0-cp38-cp38-musllinux_1_1_s390x.whl", hash = "sha256:a647e75f90dfa00faea1a36c84395de0c915de918793123082de9e4d2efe4d4d"},
    {file = "pybase64-1.3.0-cp38-cp38-musllinux_1_1_x86_64.whl", hash = "sha256:d42bba75a6637cbdfc8c5f1ebd3df04d6610bc13d72162703d3f5968d816a4a7"},
    {file = "pybase64-1.3.0-cp38-cp38-win32.whl", hash = "sha256:1b04ad2a872a954f8e1d85a1acdbb047e4f7ca288ddc9adea01b8b61d1a5ce5a"},
    {file = "pybase64-1.3.0-cp38-cp38-win_amd64.whl", hash = "sha256:0c2012ea06337fc47668dd29b37c1c1fe4204e6b07d73379879be13090c57ebc"},
    {file = "pybase64-1.3.0-cp39-cp39-macosx_10_9_x86_64.whl", hash = "sha256:46ae310754ec9d63ab831006ce8fb8b184d8ab81c077f3007d913f744c2c2640"},
    {file = "pybase64-1.3.0-cp39-cp39-macosx_11_0_arm64.whl", hash = "sha256:09f729e0f59605ee7eddbeea5439ddc57e4495dbb56cf5c2ffcaf9a0b496d4dd"},
    {file = "pybase64-1.3.0-cp39-cp39-manylinux_2_17_aarch64.manylinux2014_aarch64.whl", hash = "sha256:8b582f9808dc0f8ed21b66087a8a4fe7cf7b4f3aeb9c11bea6f0d0c0bf746b23"},
    {file = "pybase64-1.3.0-cp39-cp39-manylinux_2_17_ppc64le.manylinux2014_ppc64le.whl", hash = "sha256:6cbb65a5b4431def82bfc6809f04148e86a2b31200bd752a20d454743c8cf08e"},
    {file = "pybase64-1.3.0-cp39-cp39-manylinux_2_17_s390x.manylinux2014_s390x.whl", hash = "sha256:9d616a1c5b722c8f7b5343f12b86f8eee08615942b7e1a2894c3b666e6a4a394"},
    {file = "pybase64-1.3.0-cp39-cp39-manylinux_2_5_i686.manylinux1_i686.manylinux_2_17_i686.manylinux2014_i686.whl", hash = "sha256:e8a052d3a11c4b238eac7fd8b853c9bfbf477125df4dffe91c7a0ee27534a1ac"},
    {file = "pybase64-1.3.0-cp39-cp39-manylinux_2_5_x86_64.manylinux1_x86_64.manylinux_2_17_x86_64.manylinux2014_x86_64.whl", hash = "sha256:36ec4457cf566ffd8c60674415428a719d181dbff60bfebb3475a7b46deecc7b"},
    {file = "pybase64-1.3.0-cp39-cp39-musllinux_1_1_aarch64.whl", hash = "sha256:938964ab5b79b45dccb00060b1566956ff6b5fa08f4c57dc34d31a4a14733176"},
    {file = "pybase64-1.3.0-cp39-cp39-musllinux_1_1_i686.whl", hash = "sha256:2314c1da06ddc3ba8ef98c55e6fea4959bdeae777e193d7b97dd16e85dc9bd2e"},
    {file = "pybase64-1.3.0-cp39-cp39-musllinux_1_1_ppc64le.whl", hash = "sha256:f731cbab4f9c00fc93fdbd1d95a27f82d60c870bed116ffe68053770a3b1fa03"},
    {file = "pybase64-1.3.0-cp39-cp39-musllinux_1_1_s390x.whl", hash = "sha256:c1a8acd12247f5268755ff1e29fe7dded6fdae52d38ebd54f87405008e65bdae"},
    {file = "pybase64-1.3.0-cp39-cp39-musllinux_1_1_x86_64.whl", hash = "sha256:c2b499fb95ad2a8bb2a337646dff38b4118cdf1cab18db8d016121978bda6e8e"},
    {file = "pybase64-1.3.0-cp39-cp39-win32.whl", hash = "sha256:88c67b7c8e81a97c3e26c885245057cf7917545034a7c80e1b79cf96ebe8d661"},
    {file = "pybase64-1.3.0-cp39-cp39-win_amd64.whl", hash = "sha256:029b539a9ead94ff9b1785152a7fa6d044a7dd6e6eb40d067fdfef0d39ea8185"},
    {file = "pybase64-1.3.0-cp39-cp39-win_arm64.whl", hash = "sha256:c3cdca2e30185e2c110e112439eba55a8574cc9d0b97fe1c7bffd6f565f23d0a"},
    {file = "pybase64-1.3.0-pp310-pypy310_pp73-macosx_10_9_x86_64.whl", hash = "sha256:eb27c4142a574d48490aac927f58d5bc93f667e75969871fcaddfc4e621c0fae"},
    {file = "pybase64-1.3.0-pp310-pypy310_pp73-manylinux_2_17_aarch64.manylinux2014_aarch64.whl", hash = "sha256:d286d637e5b83b06a2a8018cb4c552bb38e7f29259070e32d01be71d316a8b04"},
    {file = "pybase64-1.3.0-pp310-pypy310_pp73-manylinux_2_5_i686.manylinux1_i686.manylinux_2_17_i686.manylinux2014_i686.whl", hash = "sha256:b0c14c0e722f8454ee39a760bdc8990c28d76d3f8356152389e93948933732fd"},
    {file = "pybase64-1.3.0-pp310-pypy310_pp73-manylinux_2_5_x86_64.manylinux1_x86_64.manylinux_2_17_x86_64.manylinux2014_x86_64.whl", hash = "sha256:5792d0a9e96d69138faf154c4e41ba1fb3113eec2cc4b75ebf2ca1813562a0fd"},
    {file = "pybase64-1.3.0-pp310-pypy310_pp73-win_amd64.whl", hash = "sha256:db452c8de23cf1d9ea6fff3e432fe1e857a5af366619900b8d96eb3171be6a40"},
    {file = "pybase64-1.3.0-pp37-pypy37_pp73-macosx_10_9_x86_64.whl", hash = "sha256:b74519a5bae86650726ff94aff1eab215b761eb5a9cf423055f8af119fb2bd3f"},
    {file = "pybase64-1.3.0-pp37-pypy37_pp73-manylinux_2_17_aarch64.manylinux2014_aarch64.whl", hash = "sha256:518fc740672bf3ebfaddc4672ef1528c90ec72d60f7b74a1b8cf8e2e04c2816d"},
    {file = "pybase64-1.3.0-pp37-pypy37_pp73-manylinux_2_5_i686.manylinux1_i686.manylinux_2_17_i686.manylinux2014_i686.whl", hash = "sha256:fa0fd426ce1fad183df4a19d2839e32e38340febae5940a6195214bf24b31f08"},
    {file = "pybase64-1.3.0-pp37-pypy37_pp73-manylinux_2_5_x86_64.manylinux1_x86_64.manylinux_2_17_x86_64.manylinux2014_x86_64.whl", hash = "sha256:b5278c3f6909f81ee9cd938456432efdc6b56631f556c2db7bdc541e3020080b"},
    {file = "pybase64-1.3.0-pp37-pypy37_pp73-win_amd64.whl", hash = "sha256:2aeb0e5b1f7c4cd037b1abdceb13fe508712fac947783fc4358fb72ab857fcc0"},
    {file = "pybase64-1.3.0-pp38-pypy38_pp73-macosx_10_9_x86_64.whl", hash = "sha256:10e5df94f20a80699b6f6fa2d1dd25c8ebdde372043af5b89d60d9f1beee6a7c"},
    {file = "pybase64-1.3.0-pp38-pypy38_pp73-manylinux_2_17_aarch64.manylinux2014_aarch64.whl", hash = "sha256:41483e0ebc683dcd964ae3f1426eddda51637ecfbb84fa721499951ee79b9652"},
    {file = "pybase64-1.3.0-pp38-pypy38_pp73-manylinux_2_5_i686.manylinux1_i686.manylinux_2_17_i686.manylinux2014_i686.whl", hash = "sha256:dd670a397b402af1633fd813ad78ef197fd22c472158987edbd9ef5ea8a0e5d8"},
    {file = "pybase64-1.3.0-pp38-pypy38_pp73-manylinux_2_5_x86_64.manylinux1_x86_64.manylinux_2_17_x86_64.manylinux2014_x86_64.whl", hash = "sha256:659fd451225607b36132e33105add31941f6183057441d43b50947bb0c3e440c"},
    {file = "pybase64-1.3.0-pp38-pypy38_pp73-win_amd64.whl", hash = "sha256:8747dbc33efbf8920734e733ce624b507d912a336643d2c55ccc2bfd7c17a42c"},
    {file = "pybase64-1.3.0-pp39-pypy39_pp73-macosx_10_9_x86_64.whl", hash = "sha256:32d6167422a86077f83ce4d6c87880b99ff7c1b76612cf3cc5e16b80073e6f27"},
    {file = "pybase64-1.3.0-pp39-pypy39_pp73-manylinux_2_17_aarch64.manylinux2014_aarch64.whl", hash = "sha256:fbefec1cc7ce66880e9745bc7d8e13a25687fcbadf79d600890f24964c4d43b0"},
    {file = "pybase64-1.3.0-pp39-pypy39_pp73-manylinux_2_5_i686.manylinux1_i686.manylinux_2_17_i686.manylinux2014_i686.whl", hash = "sha256:99734f83fb4d9279d59e3bb7cfe5b92ab57807c229cacfa72a71cb340920c7fb"},
    {file = "pybase64-1.3.0-pp39-pypy39_pp73-manylinux_2_5_x86_64.manylinux1_x86_64.manylinux_2_17_x86_64.manylinux2014_x86_64.whl", hash = "sha256:cb88c75be3799c15c5c7f61724668c685674752cbd5aee50201b6c99b73fb60c"},
    {file = "pybase64-1.3.0-pp39-pypy39_pp73-win_amd64.whl", hash = "sha256:25f4f8a1376374a1b04b169acce0093ade07df67a086a6d86333acb8e70e83f0"},
    {file = "pybase64-1.3.0.tar.gz", hash = "sha256:d4c6472ab0084ebd4ee005bb9851729bdc64d8f62c6fae5bdb076b2029f488ee"},
]

[[package]]
name = "redis"
version = "5.0.0"
description = "Python client for Redis database and key-value store"
optional = false
python-versions = ">=3.7"
files = [
    {file = "redis-5.0.0-py3-none-any.whl", hash = "sha256:06570d0b2d84d46c21defc550afbaada381af82f5b83e5b3777600e05d8e2ed0"},
    {file = "redis-5.0.0.tar.gz", hash = "sha256:5cea6c0d335c9a7332a460ed8729ceabb4d0c489c7285b0a86dbbf8a017bd120"},
]

[package.dependencies]
async-timeout = {version = ">=4.0.2", markers = "python_full_version <= \"3.11.2\""}

[package.extras]
hiredis = ["hiredis (>=1.0.0)"]
ocsp = ["cryptography (>=36.0.1)", "pyopenssl (==20.0.1)", "requests (>=2.26.0)"]

[metadata]
lock-version = "2.0"
python-versions = "^3.10"
content-hash = "5719b092ede2ef30deedffaa33fc092a8d59d94fd36eaad9e5037969e35c7809"
